// !$*UTF8*$!
{
	archiveVersion = 1;
	classes = {
	};
	objectVersion = 77;
	objects = {

/* Begin PBXBuildFile section */
		84705A972F998723000353CE /* FirebaseAuth in Frameworks */ = {isa = PBXBuildFile; productRef = 84705A962F998723000353CE /* FirebaseAuth */; };
		84705A992F998723000353CE /* FirebaseFirestore in Frameworks */ = {isa = PBXBuildFile; productRef = 84705A982F998723000353CE /* FirebaseFirestore */; };
/* End PBXBuildFile section */

/* Begin PBXContainerItemProxy section */
		846F8D532F99598E00BFF428 /* PBXContainerItemProxy */ = {
			isa = PBXContainerItemProxy;
			containerPortal = 846F8D3C2F99598A00BFF428 /* Project object */;
			proxyType = 1;
			remoteGlobalIDString = 846F8D432F99598A00BFF428;
			remoteInfo = imposterFinalProject;
		};
		846F8D5D2F99598E00BFF428 /* PBXContainerItemProxy */ = {
			isa = PBXContainerItemProxy;
			containerPortal = 846F8D3C2F99598A00BFF428 /* Project object */;
			proxyType = 1;
			remoteGlobalIDString = 846F8D432F99598A00BFF428;
			remoteInfo = imposterFinalProject;
		};
/* End PBXContainerItemProxy section */

/* Begin PBXFileReference section */
		846F8D442F99598A00BFF428 /* imposterFinalProject.app */ = {isa = PBXFileReference; explicitFileType = wrapper.application; includeInIndex = 0; path = imposterFinalProject.app; sourceTree = BUILT_PRODUCTS_DIR; };
		846F8D522F99598E00BFF428 /* imposterFinalProjectTests.xctest */ = {isa = PBXFileReference; explicitFileType = wrapper.cfbundle; includeInIndex = 0; path = imposterFinalProjectTests.xctest; sourceTree = BUILT_PRODUCTS_DIR; };
		846F8D5C2F99598E00BFF428 /* imposterFinalProjectUITests.xctest */ = {isa = PBXFileReference; explicitFileType = wrapper.cfbundle; includeInIndex = 0; path = imposterFinalProjectUITests.xctest; sourceTree = BUILT_PRODUCTS_DIR; };
/* End PBXFileReference section */

/* Begin PBXFileSystemSynchronizedRootGroup section */
		846F8D462F99598A00BFF428 /* imposterFinalProject */ = {
			isa = PBXFileSystemSynchronizedRootGroup;
			path = imposterFinalProject;
			sourceTree = "<group>";
		};
		846F8D552F99598E00BFF428 /* imposterFinalProjectTests */ = {
			isa = PBXFileSystemSynchronizedRootGroup;
			path = imposterFinalProjectTests;
			sourceTree = "<group>";
		};
		846F8D5F2F99598E00BFF428 /* imposterFinalProjectUITests */ = {
			isa = PBXFileSystemSynchronizedRootGroup;
			path = imposterFinalProjectUITests;
			sourceTree = "<group>";
		};
		84705A9A2F998771000353CE /* Models */ = {
			isa = PBXFileSystemSynchronizedRootGroup;
			path = Models;
			sourceTree = "<group>";
		};
		84705A9B2F998781000353CE /* Services */ = {
			isa = PBXFileSystemSynchronizedRootGroup;
			path = Services;
			sourceTree = "<group>";
		};
		84705A9C2F998788000353CE /* ViewModels */ = {
			isa = PBXFileSystemSynchronizedRootGroup;
			path = ViewModels;
			sourceTree = "<group>";
		};
		84705A9D2F998799000353CE /* Views */ = {
			isa = PBXFileSystemSynchronizedRootGroup;
			path = Views;
			sourceTree = "<group>";
		};
		84705A9E2F9987A9000353CE /* Utilities */ = {
			isa = PBXFileSystemSynchronizedRootGroup;
			path = Utilities;
			sourceTree = "<group>";
		};
/* End PBXFileSystemSynchronizedRootGroup section */

/* Begin PBXFrameworksBuildPhase section */
		846F8D412F99598A00BFF428 /* Frameworks */ = {
			isa = PBXFrameworksBuildPhase;
			buildActionMask = 2147483647;
			files = (
				84705A972F998723000353CE /* FirebaseAuth in Frameworks */,
				84705A992F998723000353CE /* FirebaseFirestore in Frameworks */,
			);
			runOnlyForDeploymentPostprocessing = 0;
		};
		846F8D4F2F99598E00BFF428 /* Frameworks */ = {
			isa = PBXFrameworksBuildPhase;
			buildActionMask = 2147483647;
			files = (
			);
			runOnlyForDeploymentPostprocessing = 0;
		};
		846F8D592F99598E00BFF428 /* Frameworks */ = {
			isa = PBXFrameworksBuildPhase;
			buildActionMask = 2147483647;
			files = (
			);
			runOnlyForDeploymentPostprocessing = 0;
		};
/* End PBXFrameworksBuildPhase section */

/* Begin PBXGroup section */
		846F8D3B2F99598A00BFF428 = {
			isa = PBXGroup;
			children = (
				84705A9E2F9987A9000353CE /* Utilities */,
				84705A9D2F998799000353CE /* Views */,
				84705A9C2F998788000353CE /* ViewModels */,
				84705A9B2F998781000353CE /* Services */,
				84705A9A2F998771000353CE /* Models */,
				846F8D462F99598A00BFF428 /* imposterFinalProject */,
				846F8D552F99598E00BFF428 /* imposterFinalProjectTests */,
				846F8D5F2F99598E00BFF428 /* imposterFinalProjectUITests */,
				846F8D452F99598A00BFF428 /* Products */,
			);
			sourceTree = "<group>";
		};
		846F8D452F99598A00BFF428 /* Products */ = {
			isa = PBXGroup;
			children = (
				846F8D442F99598A00BFF428 /* imposterFinalProject.app */,
				846F8D522F99598E00BFF428 /* imposterFinalProjectTests.xctest */,
				846F8D5C2F99598E00BFF428 /* imposterFinalProjectUITests.xctest */,
			);
			name = Products;
			sourceTree = "<group>";
		};
/* End PBXGroup section */

/* Begin PBXNativeTarget section */
		846F8D432F99598A00BFF428 /* imposterFinalProject */ = {
			isa = PBXNativeTarget;
			buildConfigurationList = 846F8D662F99598E00BFF428 /* Build configuration list for PBXNativeTarget "imposterFinalProject" */;
			buildPhases = (
				846F8D402F99598A00BFF428 /* Sources */,
				846F8D412F99598A00BFF428 /* Frameworks */,
				846F8D422F99598A00BFF428 /* Resources */,
			);
			buildRules = (
			);
			dependencies = (
			);
			fileSystemSynchronizedGroups = (
				846F8D462F99598A00BFF428 /* imposterFinalProject */,
				84705A9A2F998771000353CE /* Models */,
				84705A9B2F998781000353CE /* Services */,
				84705A9C2F998788000353CE /* ViewModels */,
				84705A9D2F998799000353CE /* Views */,
				84705A9E2F9987A9000353CE /* Utilities */,
			);
			name = imposterFinalProject;
			packageProductDependencies = (
				84705A962F998723000353CE /* FirebaseAuth */,
				84705A982F998723000353CE /* FirebaseFirestore */,
			);
			productName = imposterFinalProject;
			productReference = 846F8D442F99598A00BFF428 /* imposterFinalProject.app */;
			productType = "com.apple.product-type.application";
		};
		846F8D512F99598E00BFF428 /* imposterFinalProjectTests */ = {
			isa = PBXNativeTarget;
			buildConfigurationList = 846F8D692F99598E00BFF428 /* Build configuration list for PBXNativeTarget "imposterFinalProjectTests" */;
			buildPhases = (
				846F8D4E2F99598E00BFF428 /* Sources */,
				846F8D4F2F99598E00BFF428 /* Frameworks */,
				846F8D502F99598E00BFF428 /* Resources */,
			);
			buildRules = (
			);
			dependencies = (
				846F8D542F99598E00BFF428 /* PBXTargetDependency */,
			);
			fileSystemSynchronizedGroups = (
				846F8D552F99598E00BFF428 /* imposterFinalProjectTests */,
			);
			name = imposterFinalProjectTests;
			packageProductDependencies = (
			);
			productName = imposterFinalProjectTests;
			productReference = 846F8D522F99598E00BFF428 /* imposterFinalProjectTests.xctest */;
			productType = "com.apple.product-type.bundle.unit-test";
		};
		846F8D5B2F99598E00BFF428 /* imposterFinalProjectUITests */ = {
			isa = PBXNativeTarget;
			buildConfigurationList = 846F8D6C2F99598E00BFF428 /* Build configuration list for PBXNativeTarget "imposterFinalProjectUITests" */;
			buildPhases = (
				846F8D582F99598E00BFF428 /* Sources */,
				846F8D592F99598E00BFF428 /* Frameworks */,
				846F8D5A2F99598E00BFF428 /* Resources */,
			);
			buildRules = (
			);
			dependencies = (
				846F8D5E2F99598E00BFF428 /* PBXTargetDependency */,
			);
			fileSystemSynchronizedGroups = (
				846F8D5F2F99598E00BFF428 /* imposterFinalProjectUITests */,
			);
			name = imposterFinalProjectUITests;
			packageProductDependencies = (
			);
			productName = imposterFinalProjectUITests;
			productReference = 846F8D5C2F99598E00BFF428 /* imposterFinalProjectUITests.xctest */;
			productType = "com.apple.product-type.bundle.ui-testing";
		};
/* End PBXNativeTarget section */

/* Begin PBXProject section */
		846F8D3C2F99598A00BFF428 /* Project object */ = {
			isa = PBXProject;
			attributes = {
				BuildIndependentTargetsInParallel = 1;
				LastSwiftUpdateCheck = 1640;
				LastUpgradeCheck = 1640;
				TargetAttributes = {
					846F8D432F99598A00BFF428 = {
						CreatedOnToolsVersion = 16.4;
					};
					846F8D512F99598E00BFF428 = {
						CreatedOnToolsVersion = 16.4;
						TestTargetID = 846F8D432F99598A00BFF428;
					};
					846F8D5B2F99598E00BFF428 = {
						CreatedOnToolsVersion = 16.4;
						TestTargetID = 846F8D432F99598A00BFF428;
					};
				};
			};
			buildConfigurationList = 846F8D3F2F99598A00BFF428 /* Build configuration list for PBXProject "imposterFinalProject" */;
			developmentRegion = en;
			hasScannedForEncodings = 0;
			knownRegions = (
				en,
				Base,
			);
			mainGroup = 846F8D3B2F99598A00BFF428;
			minimizedProjectReferenceProxies = 1;
			packageReferences = (
				84705A952F998723000353CE /* XCRemoteSwiftPackageReference "firebase-ios-sdk" */,
			);
			preferredProjectObjectVersion = 77;
			productRefGroup = 846F8D452F99598A00BFF428 /* Products */;
			projectDirPath = "";
			projectRoot = "";
			targets = (
				846F8D432F99598A00BFF428 /* imposterFinalProject */,
				846F8D512F99598E00BFF428 /* imposterFinalProjectTests */,
				846F8D5B2F99598E00BFF428 /* imposterFinalProjectUITests */,
			);
		};
/* End PBXProject section */

/* Begin PBXResourcesBuildPhase section */
		846F8D422F99598A00BFF428 /* Resources */ = {
			isa = PBXResourcesBuildPhase;
			buildActionMask = 2147483647;
			files = (
			);
			runOnlyForDeploymentPostprocessing = 0;
		};
		846F8D502F99598E00BFF428 /* Resources */ = {
			isa = PBXResourcesBuildPhase;
			buildActionMask = 2147483647;
			files = (
			);
			runOnlyForDeploymentPostprocessing = 0;
		};
		846F8D5A2F99598E00BFF428 /* Resources */ = {
			isa = PBXResourcesBuildPhase;
			buildActionMask = 2147483647;
			files = (
			);
			runOnlyForDeploymentPostprocessing = 0;
		};
/* End PBXResourcesBuildPhase section */

/* Begin PBXSourcesBuildPhase section */
		846F8D402F99598A00BFF428 /* Sources */ = {
			isa = PBXSourcesBuildPhase;
			buildActionMask = 2147483647;
			files = (
			);
			runOnlyForDeploymentPostprocessing = 0;
		};
		846F8D4E2F99598E00BFF428 /* Sources */ = {
			isa = PBXSourcesBuildPhase;
			buildActionMask = 2147483647;
			files = (
			);
			runOnlyForDeploymentPostprocessing = 0;
		};
		846F8D582F99598E00BFF428 /* Sources */ = {
			isa = PBXSourcesBuildPhase;
			buildActionMask = 2147483647;
			files = (
			);
			runOnlyForDeploymentPostprocessing = 0;
		};
/* End PBXSourcesBuildPhase section */

/* Begin PBXTargetDependency section */
		846F8D542F99598E00BFF428 /* PBXTargetDependency */ = {
			isa = PBXTargetDependency;
			target = 846F8D432F99598A00BFF428 /* imposterFinalProject */;
			targetProxy = 846F8D532F99598E00BFF428 /* PBXContainerItemProxy */;
		};
		846F8D5E2F99598E00BFF428 /* PBXTargetDependency */ = {
			isa = PBXTargetDependency;
			target = 846F8D432F99598A00BFF428 /* imposterFinalProject */;
			targetProxy = 846F8D5D2F99598E00BFF428 /* PBXContainerItemProxy */;
		};
/* End PBXTargetDependency section */

/* Begin XCBuildConfiguration section */
		846F8D642F99598E00BFF428 /* Debug */ = {
			isa = XCBuildConfiguration;
			buildSettings = {
				ALWAYS_SEARCH_USER_PATHS = NO;
				ASSETCATALOG_COMPILER_GENERATE_SWIFT_ASSET_SYMBOL_EXTENSIONS = YES;
				CLANG_ANALYZER_NONNULL = YES;
				CLANG_ANALYZER_NUMBER_OBJECT_CONVERSION = YES_AGGRESSIVE;
				CLANG_CXX_LANGUAGE_STANDARD = "gnu++20";
				CLANG_ENABLE_MODULES = YES;
				CLANG_ENABLE_OBJC_ARC = YES;
				CLANG_ENABLE_OBJC_WEAK = YES;
				CLANG_WARN_BLOCK_CAPTURE_AUTORELEASING = YES;
				CLANG_WARN_BOOL_CONVERSION = YES;
				CLANG_WARN_COMMA = YES;
				CLANG_WARN_CONSTANT_CONVERSION = YES;
				CLANG_WARN_DEPRECATED_OBJC_IMPLEMENTATIONS = YES;
				CLANG_WARN_DIRECT_OBJC_ISA_USAGE = YES_ERROR;
				CLANG_WARN_DOCUMENTATION_COMMENTS = YES;
				CLANG_WARN_EMPTY_BODY = YES;
				CLANG_WARN_ENUM_CONVERSION = YES;
				CLANG_WARN_INFINITE_RECURSION = YES;
				CLANG_WARN_INT_CONVERSION = YES;
				CLANG_WARN_NON_LITERAL_NULL_CONVERSION = YES;
				CLANG_WARN_OBJC_IMPLICIT_RETAIN_SELF = YES;
				CLANG_WARN_OBJC_LITERAL_CONVERSION = YES;
				CLANG_WARN_OBJC_ROOT_CLASS = YES_ERROR;
				CLANG_WARN_QUOTED_INCLUDE_IN_FRAMEWORK_HEADER = YES;
				CLANG_WARN_RANGE_LOOP_ANALYSIS = YES;
				CLANG_WARN_STRICT_PROTOTYPES = YES;
				CLANG_WARN_SUSPICIOUS_MOVE = YES;
				CLANG_WARN_UNGUARDED_AVAILABILITY = YES_AGGRESSIVE;
				CLANG_WARN_UNREACHABLE_CODE = YES;
				CLANG_WARN__DUPLICATE_METHOD_MATCH = YES;
				COPY_PHASE_STRIP = NO;
				DEBUG_INFORMATION_FORMAT = dwarf;
				ENABLE_STRICT_OBJC_MSGSEND = YES;
				ENABLE_TESTABILITY = YES;
				ENABLE_USER_SCRIPT_SANDBOXING = YES;
				GCC_C_LANGUAGE_STANDARD = gnu17;
				GCC_DYNAMIC_NO_PIC = NO;
				GCC_NO_COMMON_BLOCKS = YES;
				GCC_OPTIMIZATION_LEVEL = 0;
				GCC_PREPROCESSOR_DEFINITIONS = (
					"DEBUG=1",
					"$(inherited)",
				);
				GCC_WARN_64_TO_32_BIT_CONVERSION = YES;
				GCC_WARN_ABOUT_RETURN_TYPE = YES_ERROR;
				GCC_WARN_UNDECLARED_SELECTOR = YES;
				GCC_WARN_UNINITIALIZED_AUTOS = YES_AGGRESSIVE;
				GCC_WARN_UNUSED_FUNCTION = YES;
				GCC_WARN_UNUSED_VARIABLE = YES;
				LOCALIZATION_PREFERS_STRING_CATALOGS = YES;
				MTL_ENABLE_DEBUG_INFO = INCLUDE_SOURCE;
				MTL_FAST_MATH = YES;
				ONLY_ACTIVE_ARCH = YES;
				SWIFT_ACTIVE_COMPILATION_CONDITIONS = "DEBUG $(inherited)";
				SWIFT_OPTIMIZATION_LEVEL = "-Onone";
			};
			name = Debug;
		};
		846F8D652F99598E00BFF428 /* Release */ = {
			isa = XCBuildConfiguration;
			buildSettings = {
				ALWAYS_SEARCH_USER_PATHS = NO;
				ASSETCATALOG_COMPILER_GENERATE_SWIFT_ASSET_SYMBOL_EXTENSIONS = YES;
				CLANG_ANALYZER_NONNULL = YES;
				CLANG_ANALYZER_NUMBER_OBJECT_CONVERSION = YES_AGGRESSIVE;
				CLANG_CXX_LANGUAGE_STANDARD = "gnu++20";
				CLANG_ENABLE_MODULES = YES;
				CLANG_ENABLE_OBJC_ARC = YES;
				CLANG_ENABLE_OBJC_WEAK = YES;
				CLANG_WARN_BLOCK_CAPTURE_AUTORELEASING = YES;
				CLANG_WARN_BOOL_CONVERSION = YES;
				CLANG_WARN_COMMA = YES;
				CLANG_WARN_CONSTANT_CONVERSION = YES;
				CLANG_WARN_DEPRECATED_OBJC_IMPLEMENTATIONS = YES;
				CLANG_WARN_DIRECT_OBJC_ISA_USAGE = YES_ERROR;
				CLANG_WARN_DOCUMENTATION_COMMENTS = YES;
				CLANG_WARN_EMPTY_BODY = YES;
				CLANG_WARN_ENUM_CONVERSION = YES;
				CLANG_WARN_INFINITE_RECURSION = YES;
				CLANG_WARN_INT_CONVERSION = YES;
				CLANG_WARN_NON_LITERAL_NULL_CONVERSION = YES;
				CLANG_WARN_OBJC_IMPLICIT_RETAIN_SELF = YES;
				CLANG_WARN_OBJC_LITERAL_CONVERSION = YES;
				CLANG_WARN_OBJC_ROOT_CLASS = YES_ERROR;
				CLANG_WARN_QUOTED_INCLUDE_IN_FRAMEWORK_HEADER = YES;
				CLANG_WARN_RANGE_LOOP_ANALYSIS = YES;
				CLANG_WARN_STRICT_PROTOTYPES = YES;
				CLANG_WARN_SUSPICIOUS_MOVE = YES;
				CLANG_WARN_UNGUARDED_AVAILABILITY = YES_AGGRESSIVE;
				CLANG_WARN_UNREACHABLE_CODE = YES;
				CLANG_WARN__DUPLICATE_METHOD_MATCH = YES;
				COPY_PHASE_STRIP = NO;
				DEBUG_INFORMATION_FORMAT = "dwarf-with-dsym";
				ENABLE_NS_ASSERTIONS = NO;
				ENABLE_STRICT_OBJC_MSGSEND = YES;
				ENABLE_USER_SCRIPT_SANDBOXING = YES;
				GCC_C_LANGUAGE_STANDARD = gnu17;
				GCC_NO_COMMON_BLOCKS = YES;
				GCC_WARN_64_TO_32_BIT_CONVERSION = YES;
				GCC_WARN_ABOUT_RETURN_TYPE = YES_ERROR;
				GCC_WARN_UNDECLARED_SELECTOR = YES;
				GCC_WARN_UNINITIALIZED_AUTOS = YES_AGGRESSIVE;
				GCC_WARN_UNUSED_FUNCTION = YES;
				GCC_WARN_UNUSED_VARIABLE = YES;
				LOCALIZATION_PREFERS_STRING_CATALOGS = YES;
				MTL_ENABLE_DEBUG_INFO = NO;
				MTL_FAST_MATH = YES;
				SWIFT_COMPILATION_MODE = wholemodule;
			};
			name = Release;
		};
		846F8D672F99598E00BFF428 /* Debug */ = {
			isa = XCBuildConfiguration;
			buildSettings = {
				ASSETCATALOG_COMPILER_APPICON_NAME = AppIcon;
				ASSETCATALOG_COMPILER_GLOBAL_ACCENT_COLOR_NAME = AccentColor;
				CODE_SIGN_ENTITLEMENTS = imposterFinalProject/imposterFinalProject.entitlements;
				CODE_SIGN_STYLE = Automatic;
				CURRENT_PROJECT_VERSION = 1;
				ENABLE_PREVIEWS = YES;
				GENERATE_INFOPLIST_FILE = YES;
				INFOPLIST_KEY_CFBundleDisplayName = IMPOSTER;
				INFOPLIST_KEY_LSApplicationCategoryType = "public.app-category.word-games";
				"INFOPLIST_KEY_UIApplicationSceneManifest_Generation[sdk=iphoneos*]" = YES;
				"INFOPLIST_KEY_UIApplicationSceneManifest_Generation[sdk=iphonesimulator*]" = YES;
				"INFOPLIST_KEY_UIApplicationSupportsIndirectInputEvents[sdk=iphoneos*]" = YES;
				"INFOPLIST_KEY_UIApplicationSupportsIndirectInputEvents[sdk=iphonesimulator*]" = YES;
				"INFOPLIST_KEY_UILaunchScreen_Generation[sdk=iphoneos*]" = YES;
				"INFOPLIST_KEY_UILaunchScreen_Generation[sdk=iphonesimulator*]" = YES;
				"INFOPLIST_KEY_UIStatusBarStyle[sdk=iphoneos*]" = UIStatusBarStyleDefault;
				"INFOPLIST_KEY_UIStatusBarStyle[sdk=iphonesimulator*]" = UIStatusBarStyleDefault;
				INFOPLIST_KEY_UISupportedInterfaceOrientations_iPad = "UIInterfaceOrientationPortrait UIInterfaceOrientationPortraitUpsideDown UIInterfaceOrientationLandscapeLeft UIInterfaceOrientationLandscapeRight";
				INFOPLIST_KEY_UISupportedInterfaceOrientations_iPhone = "UIInterfaceOrientationPortrait UIInterfaceOrientationLandscapeLeft UIInterfaceOrientationLandscapeRight";
				IPHONEOS_DEPLOYMENT_TARGET = 18.5;
				LD_RUNPATH_SEARCH_PATHS = "@executable_path/Frameworks";
				"LD_RUNPATH_SEARCH_PATHS[sdk=macosx*]" = "@executable_path/../Frameworks";
				MACOSX_DEPLOYMENT_TARGET = 15.5;
				MARKETING_VERSION = 1.0;
				PRODUCT_BUNDLE_IDENTIFIER = com.tadael.impostergame;
				PRODUCT_NAME = "$(TARGET_NAME)";
				REGISTER_APP_GROUPS = YES;
				SDKROOT = auto;
				SUPPORTED_PLATFORMS = "iphoneos iphonesimulator macosx xros xrsimulator";
				SWIFT_EMIT_LOC_STRINGS = YES;
				SWIFT_VERSION = 5.0;
				TARGETED_DEVICE_FAMILY = "1,2,7";
				XROS_DEPLOYMENT_TARGET = 2.5;
			};
			name = Debug;
		};
		846F8D682F99598E00BFF428 /* Release */ = {
			isa = XCBuildConfiguration;
			buildSettings = {
				ASSETCATALOG_COMPILER_APPICON_NAME = AppIcon;
				ASSETCATALOG_COMPILER_GLOBAL_ACCENT_COLOR_NAME = AccentColor;
				CODE_SIGN_ENTITLEMENTS = imposterFinalProject/imposterFinalProject.entitlements;
				CODE_SIGN_STYLE = Automatic;
				CURRENT_PROJECT_VERSION = 1;
				ENABLE_PREVIEWS = YES;
				GENERATE_INFOPLIST_FILE = YES;
				INFOPLIST_KEY_CFBundleDisplayName = IMPOSTER;
				INFOPLIST_KEY_LSApplicationCategoryType = "public.app-category.word-games";
				"INFOPLIST_KEY_UIApplicationSceneManifest_Generation[sdk=iphoneos*]" = YES;
				"INFOPLIST_KEY_UIApplicationSceneManifest_Generation[sdk=iphonesimulator*]" = YES;
				"INFOPLIST_KEY_UIApplicationSupportsIndirectInputEvents[sdk=iphoneos*]" = YES;
				"INFOPLIST_KEY_UIApplicationSupportsIndirectInputEvents[sdk=iphonesimulator*]" = YES;
				"INFOPLIST_KEY_UILaunchScreen_Generation[sdk=iphoneos*]" = YES;
				"INFOPLIST_KEY_UILaunchScreen_Generation[sdk=iphonesimulator*]" = YES;
				"INFOPLIST_KEY_UIStatusBarStyle[sdk=iphoneos*]" = UIStatusBarStyleDefault;
				"INFOPLIST_KEY_UIStatusBarStyle[sdk=iphonesimulator*]" = UIStatusBarStyleDefault;
				INFOPLIST_KEY_UISupportedInterfaceOrientations_iPad = "UIInterfaceOrientationPortrait UIInterfaceOrientationPortraitUpsideDown UIInterfaceOrientationLandscapeLeft UIInterfaceOrientationLandscapeRight";
				INFOPLIST_KEY_UISupportedInterfaceOrientations_iPhone = "UIInterfaceOrientationPortrait UIInterfaceOrientationLandscapeLeft UIInterfaceOrientationLandscapeRight";
				IPHONEOS_DEPLOYMENT_TARGET = 18.5;
				LD_RUNPATH_SEARCH_PATHS = "@executable_path/Frameworks";
				"LD_RUNPATH_SEARCH_PATHS[sdk=macosx*]" = "@executable_path/../Frameworks";
				MACOSX_DEPLOYMENT_TARGET = 15.5;
				MARKETING_VERSION = 1.0;
				PRODUCT_BUNDLE_IDENTIFIER = com.tadael.impostergame;
				PRODUCT_NAME = "$(TARGET_NAME)";
				REGISTER_APP_GROUPS = YES;
				SDKROOT = auto;
				SUPPORTED_PLATFORMS = "iphoneos iphonesimulator macosx xros xrsimulator";
				SWIFT_EMIT_LOC_STRINGS = YES;
				SWIFT_VERSION = 5.0;
				TARGETED_DEVICE_FAMILY = "1,2,7";
				XROS_DEPLOYMENT_TARGET = 2.5;
			};
			name = Release;
		};
		846F8D6A2F99598E00BFF428 /* Debug */ = {
			isa = XCBuildConfiguration;
			buildSettings = {
				BUNDLE_LOADER = "$(TEST_HOST)";
				CODE_SIGN_STYLE = Automatic;
				CURRENT_PROJECT_VERSION = 1;
				GENERATE_INFOPLIST_FILE = YES;
				IPHONEOS_DEPLOYMENT_TARGET = 18.5;
				MACOSX_DEPLOYMENT_TARGET = 15.5;
				MARKETING_VERSION = 1.0;
				PRODUCT_BUNDLE_IDENTIFIER = Tadael.imposterFinalProjectTests;
				PRODUCT_NAME = "$(TARGET_NAME)";
				SDKROOT = auto;
				SUPPORTED_PLATFORMS = "iphoneos iphonesimulator macosx xros xrsimulator";
				SWIFT_EMIT_LOC_STRINGS = NO;
				SWIFT_VERSION = 5.0;
				TARGETED_DEVICE_FAMILY = "1,2,7";
				TEST_HOST = "$(BUILT_PRODUCTS_DIR)/imposterFinalProject.app/$(BUNDLE_EXECUTABLE_FOLDER_PATH)/imposterFinalProject";
				XROS_DEPLOYMENT_TARGET = 2.5;
			};
			name = Debug;
		};
		846F8D6B2F99598E00BFF428 /* Release */ = {
			isa = XCBuildConfiguration;
			buildSettings = {
				BUNDLE_LOADER = "$(TEST_HOST)";
				CODE_SIGN_STYLE = Automatic;
				CURRENT_PROJECT_VERSION = 1;
				GENERATE_INFOPLIST_FILE = YES;
				IPHONEOS_DEPLOYMENT_TARGET = 18.5;
				MACOSX_DEPLOYMENT_TARGET = 15.5;
				MARKETING_VERSION = 1.0;
				PRODUCT_BUNDLE_IDENTIFIER = Tadael.imposterFinalProjectTests;
				PRODUCT_NAME = "$(TARGET_NAME)";
				SDKROOT = auto;
				SUPPORTED_PLATFORMS = "iphoneos iphonesimulator macosx xros xrsimulator";
				SWIFT_EMIT_LOC_STRINGS = NO;
				SWIFT_VERSION = 5.0;
				TARGETED_DEVICE_FAMILY = "1,2,7";
				TEST_HOST = "$(BUILT_PRODUCTS_DIR)/imposterFinalProject.app/$(BUNDLE_EXECUTABLE_FOLDER_PATH)/imposterFinalProject";
				XROS_DEPLOYMENT_TARGET = 2.5;
			};
			name = Release;
		};
		846F8D6D2F99598E00BFF428 /* Debug */ = {
			isa = XCBuildConfiguration;
			buildSettings = {
				CODE_SIGN_STYLE = Automatic;
				CURRENT_PROJECT_VERSION = 1;
				GENERATE_INFOPLIST_FILE = YES;
				IPHONEOS_DEPLOYMENT_TARGET = 18.5;
				MACOSX_DEPLOYMENT_TARGET = 15.5;
				MARKETING_VERSION = 1.0;
				PRODUCT_BUNDLE_IDENTIFIER = Tadael.imposterFinalProjectUITests;
				PRODUCT_NAME = "$(TARGET_NAME)";
				SDKROOT = auto;
				SUPPORTED_PLATFORMS = "iphoneos iphonesimulator macosx xros xrsimulator";
				SWIFT_EMIT_LOC_STRINGS = NO;
				SWIFT_VERSION = 5.0;
				TARGETED_DEVICE_FAMILY = "1,2,7";
				TEST_TARGET_NAME = imposterFinalProject;
				XROS_DEPLOYMENT_TARGET = 2.5;
			};
			name = Debug;
		};
		846F8D6E2F99598E00BFF428 /* Release */ = {
			isa = XCBuildConfiguration;
			buildSettings = {
				CODE_SIGN_STYLE = Automatic;
				CURRENT_PROJECT_VERSION = 1;
				GENERATE_INFOPLIST_FILE = YES;
				IPHONEOS_DEPLOYMENT_TARGET = 18.5;
				MACOSX_DEPLOYMENT_TARGET = 15.5;
				MARKETING_VERSION = 1.0;
				PRODUCT_BUNDLE_IDENTIFIER = Tadael.imposterFinalProjectUITests;
				PRODUCT_NAME = "$(TARGET_NAME)";
				SDKROOT = auto;
				SUPPORTED_PLATFORMS = "iphoneos iphonesimulator macosx xros xrsimulator";
				SWIFT_EMIT_LOC_STRINGS = NO;
				SWIFT_VERSION = 5.0;
				TARGETED_DEVICE_FAMILY = "1,2,7";
				TEST_TARGET_NAME = imposterFinalProject;
				XROS_DEPLOYMENT_TARGET = 2.5;
			};
			name = Release;
		};
/* End XCBuildConfiguration section */

/* Begin XCConfigurationList section */
		846F8D3F2F99598A00BFF428 /* Build configuration list for PBXProject "imposterFinalProject" */ = {
			isa = XCConfigurationList;
			buildConfigurations = (
				846F8D642F99598E00BFF428 /* Debug */,
				846F8D652F99598E00BFF428 /* Release */,
			);
			defaultConfigurationIsVisible = 0;
			defaultConfigurationName = Release;
		};
		846F8D662F99598E00BFF428 /* Build configuration list for PBXNativeTarget "imposterFinalProject" */ = {
			isa = XCConfigurationList;
			buildConfigurations = (
				846F8D672F99598E00BFF428 /* Debug */,
				846F8D682F99598E00BFF428 /* Release */,
			);
			defaultConfigurationIsVisible = 0;
			defaultConfigurationName = Release;
		};
		846F8D692F99598E00BFF428 /* Build configuration list for PBXNativeTarget "imposterFinalProjectTests" */ = {
			isa = XCConfigurationList;
			buildConfigurations = (
				846F8D6A2F99598E00BFF428 /* Debug */,
				846F8D6B2F99598E00BFF428 /* Release */,
			);
			defaultConfigurationIsVisible = 0;
			defaultConfigurationName = Release;
		};
		846F8D6C2F99598E00BFF428 /* Build configuration list for PBXNativeTarget "imposterFinalProjectUITests" */ = {
			isa = XCConfigurationList;
			buildConfigurations = (
				846F8D6D2F99598E00BFF428 /* Debug */,
				846F8D6E2F99598E00BFF428 /* Release */,
			);
			defaultConfigurationIsVisible = 0;
			defaultConfigurationName = Release;
		};
/* End XCConfigurationList section */

/* Begin XCRemoteSwiftPackageReference section */
		84705A952F998723000353CE /* XCRemoteSwiftPackageReference "firebase-ios-sdk" */ = {
			isa = XCRemoteSwiftPackageReference;
			repositoryURL = "https://github.com/firebase/firebase-ios-sdk";
			requirement = {
				kind = upToNextMajorVersion;
				minimumVersion = 12.12.1;
			};
		};
/* End XCRemoteSwiftPackageReference section */

/* Begin XCSwiftPackageProductDependency section */
		84705A962F998723000353CE /* FirebaseAuth */ = {
			isa = XCSwiftPackageProductDependency;
			package = 84705A952F998723000353CE /* XCRemoteSwiftPackageReference "firebase-ios-sdk" */;
			productName = FirebaseAuth;
		};
		84705A982F998723000353CE /* FirebaseFirestore */ = {
			isa = XCSwiftPackageProductDependency;
			package = 84705A952F998723000353CE /* XCRemoteSwiftPackageReference "firebase-ios-sdk" */;
			productName = FirebaseFirestore;
		};
/* End XCSwiftPackageProductDependency section */
	};
	rootObject = 846F8D3C2F99598A00BFF428 /* Project object */;
}
